// !$*UTF8*$!
{
	archiveVersion = 1;
	classes = {
	};
	objectVersion = 46;
	objects = {

/* Begin PBXBuildFile section */
		0155E2E81B29E671007FAB89 /* main.m in Sources */ = {isa = PBXBuildFile; fileRef = 0155E2E71B29E671007FAB89 /* main.m */; };
		0155E2EB1B29E671007FAB89 /* AppDelegate.m in Sources */ = {isa = PBXBuildFile; fileRef = 0155E2EA1B29E671007FAB89 /* AppDelegate.m */; };
		0155E2EE1B29E671007FAB89 /* ViewController.m in Sources */ = {isa = PBXBuildFile; fileRef = 0155E2ED1B29E671007FAB89 /* ViewController.m */; };
		0155E2F31B29E671007FAB89 /* Images.xcassets in Resources */ = {isa = PBXBuildFile; fileRef = 0155E2F21B29E671007FAB89 /* Images.xcassets */; };
		0155E2F61B29E671007FAB89 /* LaunchScreen.xib in Resources */ = {isa = PBXBuildFile; fileRef = 0155E2F41B29E671007FAB89 /* LaunchScreen.xib */; };
		0155E3021B29E671007FAB89 /* DemoTableViewTests.m in Sources */ = {isa = PBXBuildFile; fileRef = 0155E3011B29E671007FAB89 /* DemoTableViewTests.m */; };
		0155E3121B29E696007FAB89 /* UIView+FLKAutoLayout.m in Sources */ = {isa = PBXBuildFile; fileRef = 0155E30E1B29E696007FAB89 /* UIView+FLKAutoLayout.m */; };
		0155E3131B29E696007FAB89 /* UIView+FLKAutoLayoutPredicate.m in Sources */ = {isa = PBXBuildFile; fileRef = 0155E3101B29E696007FAB89 /* UIView+FLKAutoLayoutPredicate.m */; };
		0155E3171B29E718007FAB89 /* FLKAutoLayoutPredicateList.m in Sources */ = {isa = PBXBuildFile; fileRef = 0155E3161B29E718007FAB89 /* FLKAutoLayoutPredicateList.m */; };
		0155E31A1B29EA32007FAB89 /* Demographics.m in Sources */ = {isa = PBXBuildFile; fileRef = 0155E3191B29EA32007FAB89 /* Demographics.m */; };
		0155E31D1B29EE23007FAB89 /* TextfieldTableViewCell.m in Sources */ = {isa = PBXBuildFile; fileRef = 0155E31C1B29EE23007FAB89 /* TextfieldTableViewCell.m */; };
		0155E3201B29EFFF007FAB89 /* GenderTableViewCell.m in Sources */ = {isa = PBXBuildFile; fileRef = 0155E31F1B29EFFF007FAB89 /* GenderTableViewCell.m */; };
		0155E3231B29F1D4007FAB89 /* MaritalTableViewCell.m in Sources */ = {isa = PBXBuildFile; fileRef = 0155E3221B29F1D4007FAB89 /* MaritalTableViewCell.m */; };
		0155E3261B29F2C1007FAB89 /* DemographicsTableViewDataSource.m in Sources */ = {isa = PBXBuildFile; fileRef = 0155E3251B29F2C1007FAB89 /* DemographicsTableViewDataSource.m */; };
/* End PBXBuildFile section */

/* Begin PBXContainerItemProxy section */
		0155E2FC1B29E671007FAB89 /* PBXContainerItemProxy */ = {
			isa = PBXContainerItemProxy;
			containerPortal = 0155E2DA1B29E671007FAB89 /* Project object */;
			proxyType = 1;
			remoteGlobalIDString = 0155E2E11B29E671007FAB89;
			remoteInfo = DemoTableView;
		};
/* End PBXContainerItemProxy section */

/* Begin PBXFileReference section */
		0155E2E21B29E671007FAB89 /* DemoTableView.app */ = {isa = PBXFileReference; explicitFileType = wrapper.application; includeInIndex = 0; path = DemoTableView.app; sourceTree = BUILT_PRODUCTS_DIR; };
		0155E2E61B29E671007FAB89 /* Info.plist */ = {isa = PBXFileReference; lastKnownFileType = text.plist.xml; path = Info.plist; sourceTree = "<group>"; };
		0155E2E71B29E671007FAB89 /* main.m */ = {isa = PBXFileReference; lastKnownFileType = sourcecode.c.objc; path = main.m; sourceTree = "<group>"; };
		0155E2E91B29E671007FAB89 /* AppDelegate.h */ = {isa = PBXFileReference; lastKnownFileType = sourcecode.c.h; path = AppDelegate.h; sourceTree = "<group>"; };
		0155E2EA1B29E671007FAB89 /* AppDelegate.m */ = {isa = PBXFileReference; lastKnownFileType = sourcecode.c.objc; path = AppDelegate.m; sourceTree = "<group>"; };
		0155E2EC1B29E671007FAB89 /* ViewController.h */ = {isa = PBXFileReference; lastKnownFileType = sourcecode.c.h; path = ViewController.h; sourceTree = "<group>"; };
		0155E2ED1B29E671007FAB89 /* ViewController.m */ = {isa = PBXFileReference; lastKnownFileType = sourcecode.c.objc; path = ViewController.m; sourceTree = "<group>"; };
		0155E2F21B29E671007FAB89 /* Images.xcassets */ = {isa = PBXFileReference; lastKnownFileType = folder.assetcatalog; path = Images.xcassets; sourceTree = "<group>"; };
		0155E2F51B29E671007FAB89 /* Base */ = {isa = PBXFileReference; lastKnownFileType = file.xib; name = Base; path = Base.lproj/LaunchScreen.xib; sourceTree = "<group>"; };
		0155E2FB1B29E671007FAB89 /* DemoTableViewTests.xctest */ = {isa = PBXFileReference; explicitFileType = wrapper.cfbundle; includeInIndex = 0; path = DemoTableViewTests.xctest; sourceTree = BUILT_PRODUCTS_DIR; };
		0155E3001B29E671007FAB89 /* Info.plist */ = {isa = PBXFileReference; lastKnownFileType = text.plist.xml; path = Info.plist; sourceTree = "<group>"; };
		0155E3011B29E671007FAB89 /* DemoTableViewTests.m */ = {isa = PBXFileReference; lastKnownFileType = sourcecode.c.objc; path = DemoTableViewTests.m; sourceTree = "<group>"; };
		0155E30D1B29E696007FAB89 /* UIView+FLKAutoLayout.h */ = {isa = PBXFileReference; fileEncoding = 4; lastKnownFileType = sourcecode.c.h; path = "UIView+FLKAutoLayout.h"; sourceTree = "<group>"; };
		0155E30E1B29E696007FAB89 /* UIView+FLKAutoLayout.m */ = {isa = PBXFileReference; fileEncoding = 4; lastKnownFileType = sourcecode.c.objc; path = "UIView+FLKAutoLayout.m"; sourceTree = "<group>"; };
		0155E30F1B29E696007FAB89 /* UIView+FLKAutoLayoutPredicate.h */ = {isa = PBXFileReference; fileEncoding = 4; lastKnownFileType = sourcecode.c.h; path = "UIView+FLKAutoLayoutPredicate.h"; sourceTree = "<group>"; };
		0155E3101B29E696007FAB89 /* UIView+FLKAutoLayoutPredicate.m */ = {isa = PBXFileReference; fileEncoding = 4; lastKnownFileType = sourcecode.c.objc; path = "UIView+FLKAutoLayoutPredicate.m"; sourceTree = "<group>"; };
		0155E3151B29E718007FAB89 /* FLKAutoLayoutPredicateList.h */ = {isa = PBXFileReference; fileEncoding = 4; lastKnownFileType = sourcecode.c.h; path = FLKAutoLayoutPredicateList.h; sourceTree = "<group>"; };
		0155E3161B29E718007FAB89 /* FLKAutoLayoutPredicateList.m */ = {isa = PBXFileReference; fileEncoding = 4; lastKnownFileType = sourcecode.c.objc; path = FLKAutoLayoutPredicateList.m; sourceTree = "<group>"; };
		0155E3181B29EA32007FAB89 /* Demographics.h */ = {isa = PBXFileReference; fileEncoding = 4; lastKnownFileType = sourcecode.c.h; path = Demographics.h; sourceTree = "<group>"; };
		0155E3191B29EA32007FAB89 /* Demographics.m */ = {isa = PBXFileReference; fileEncoding = 4; lastKnownFileType = sourcecode.c.objc; path = Demographics.m; sourceTree = "<group>"; };
		0155E31B1B29EE23007FAB89 /* TextfieldTableViewCell.h */ = {isa = PBXFileReference; fileEncoding = 4; lastKnownFileType = sourcecode.c.h; path = TextfieldTableViewCell.h; sourceTree = "<group>"; };
		0155E31C1B29EE23007FAB89 /* TextfieldTableViewCell.m */ = {isa = PBXFileReference; fileEncoding = 4; lastKnownFileType = sourcecode.c.objc; path = TextfieldTableViewCell.m; sourceTree = "<group>"; };
		0155E31E1B29EFFF007FAB89 /* GenderTableViewCell.h */ = {isa = PBXFileReference; fileEncoding = 4; lastKnownFileType = sourcecode.c.h; path = GenderTableViewCell.h; sourceTree = "<group>"; };
		0155E31F1B29EFFF007FAB89 /* GenderTableViewCell.m */ = {isa = PBXFileReference; fileEncoding = 4; lastKnownFileType = sourcecode.c.objc; path = GenderTableViewCell.m; sourceTree = "<group>"; };
		0155E3211B29F1D4007FAB89 /* MaritalTableViewCell.h */ = {isa = PBXFileReference; fileEncoding = 4; lastKnownFileType = sourcecode.c.h; path = MaritalTableViewCell.h; sourceTree = "<group>"; };
		0155E3221B29F1D4007FAB89 /* MaritalTableViewCell.m */ = {isa = PBXFileReference; fileEncoding = 4; lastKnownFileType = sourcecode.c.objc; path = MaritalTableViewCell.m; sourceTree = "<group>"; };
		0155E3241B29F2C1007FAB89 /* DemographicsTableViewDataSource.h */ = {isa = PBXFileReference; fileEncoding = 4; lastKnownFileType = sourcecode.c.h; path = DemographicsTableViewDataSource.h; sourceTree = "<group>"; };
		0155E3251B29F2C1007FAB89 /* DemographicsTableViewDataSource.m */ = {isa = PBXFileReference; fileEncoding = 4; lastKnownFileType = sourcecode.c.objc; path = DemographicsTableViewDataSource.m; sourceTree = "<group>"; };
/* End PBXFileReference section */

/* Begin PBXFrameworksBuildPhase section */
		0155E2DF1B29E671007FAB89 /* Frameworks */ = {
			isa = PBXFrameworksBuildPhase;
			buildActionMask = 2147483647;
			files = (
			);
			runOnlyForDeploymentPostprocessing = 0;
		};
		0155E2F81B29E671007FAB89 /* Frameworks */ = {
			isa = PBXFrameworksBuildPhase;
			buildActionMask = 2147483647;
			files = (
			);
			runOnlyForDeploymentPostprocessing = 0;
		};
/* End PBXFrameworksBuildPhase section */

/* Begin PBXGroup section */
		0155E2D91B29E671007FAB89 = {
			isa = PBXGroup;
			children = (
				0155E2E41B29E671007FAB89 /* DemoTableView */,
				0155E2FE1B29E671007FAB89 /* DemoTableViewTests */,
				0155E2E31B29E671007FAB89 /* Products */,
			);
			sourceTree = "<group>";
		};
		0155E2E31B29E671007FAB89 /* Products */ = {
			isa = PBXGroup;
			children = (
				0155E2E21B29E671007FAB89 /* DemoTableView.app */,
				0155E2FB1B29E671007FAB89 /* DemoTableViewTests.xctest */,
			);
			name = Products;
			sourceTree = "<group>";
		};
		0155E2E41B29E671007FAB89 /* DemoTableView */ = {
			isa = PBXGroup;
			children = (
				0155E2E91B29E671007FAB89 /* AppDelegate.h */,
				0155E2EA1B29E671007FAB89 /* AppDelegate.m */,
				0155E2EC1B29E671007FAB89 /* ViewController.h */,
				0155E2ED1B29E671007FAB89 /* ViewController.m */,
				0155E3181B29EA32007FAB89 /* Demographics.h */,
				0155E3191B29EA32007FAB89 /* Demographics.m */,
				0155E31B1B29EE23007FAB89 /* TextfieldTableViewCell.h */,
				0155E31C1B29EE23007FAB89 /* TextfieldTableViewCell.m */,
				0155E31E1B29EFFF007FAB89 /* GenderTableViewCell.h */,
				0155E31F1B29EFFF007FAB89 /* GenderTableViewCell.m */,
				0155E3211B29F1D4007FAB89 /* MaritalTableViewCell.h */,
				0155E3221B29F1D4007FAB89 /* MaritalTableViewCell.m */,
				0155E3241B29F2C1007FAB89 /* DemographicsTableViewDataSource.h */,
				0155E3251B29F2C1007FAB89 /* DemographicsTableViewDataSource.m */,
				0155E2F21B29E671007FAB89 /* Images.xcassets */,
				0155E2F41B29E671007FAB89 /* LaunchScreen.xib */,
				0155E3141B29E69A007FAB89 /* FLKAutoLayout */,
				0155E2E51B29E671007FAB89 /* Supporting Files */,
			);
			path = DemoTableView;
			sourceTree = "<group>";
		};
		0155E2E51B29E671007FAB89 /* Supporting Files */ = {
			isa = PBXGroup;
			children = (
				0155E2E61B29E671007FAB89 /* Info.plist */,
				0155E2E71B29E671007FAB89 /* main.m */,
			);
			name = "Supporting Files";
			sourceTree = "<group>";
		};
		0155E2FE1B29E671007FAB89 /* DemoTableViewTests */ = {
			isa = PBXGroup;
			children = (
				0155E3011B29E671007FAB89 /* DemoTableViewTests.m */,
				0155E2FF1B29E671007FAB89 /* Supporting Files */,
			);
			path = DemoTableViewTests;
			sourceTree = "<group>";
		};
		0155E2FF1B29E671007FAB89 /* Supporting Files */ = {
			isa = PBXGroup;
			children = (
				0155E3001B29E671007FAB89 /* Info.plist */,
			);
			name = "Supporting Files";
			sourceTree = "<group>";
		};
		0155E3141B29E69A007FAB89 /* FLKAutoLayout */ = {
			isa = PBXGroup;
			children = (
				0155E3151B29E718007FAB89 /* FLKAutoLayoutPredicateList.h */,
				0155E3161B29E718007FAB89 /* FLKAutoLayoutPredicateList.m */,
				0155E30D1B29E696007FAB89 /* UIView+FLKAutoLayout.h */,
				0155E30E1B29E696007FAB89 /* UIView+FLKAutoLayout.m */,
				0155E30F1B29E696007FAB89 /* UIView+FLKAutoLayoutPredicate.h */,
				0155E3101B29E696007FAB89 /* UIView+FLKAutoLayoutPredicate.m */,
			);
			name = FLKAutoLayout;
			sourceTree = "<group>";
		};
/* End PBXGroup section */

/* Begin PBXNativeTarget section */
		0155E2E11B29E671007FAB89 /* DemoTableView */ = {
			isa = PBXNativeTarget;
			buildConfigurationList = 0155E3051B29E671007FAB89 /* Build configuration list for PBXNativeTarget "DemoTableView" */;
			buildPhases = (
				0155E2DE1B29E671007FAB89 /* Sources */,
				0155E2DF1B29E671007FAB89 /* Frameworks */,
				0155E2E01B29E671007FAB89 /* Resources */,
			);
			buildRules = (
			);
			dependencies = (
			);
			name = DemoTableView;
			productName = DemoTableView;
			productReference = 0155E2E21B29E671007FAB89 /* DemoTableView.app */;
			productType = "com.apple.product-type.application";
		};
		0155E2FA1B29E671007FAB89 /* DemoTableViewTests */ = {
			isa = PBXNativeTarget;
			buildConfigurationList = 0155E3081B29E671007FAB89 /* Build configuration list for PBXNativeTarget "DemoTableViewTests" */;
			buildPhases = (
				0155E2F71B29E671007FAB89 /* Sources */,
				0155E2F81B29E671007FAB89 /* Frameworks */,
				0155E2F91B29E671007FAB89 /* Resources */,
			);
			buildRules = (
			);
			dependencies = (
				0155E2FD1B29E671007FAB89 /* PBXTargetDependency */,
			);
			name = DemoTableViewTests;
			productName = DemoTableViewTests;
			productReference = 0155E2FB1B29E671007FAB89 /* DemoTableViewTests.xctest */;
			productType = "com.apple.product-type.bundle.unit-test";
		};
/* End PBXNativeTarget section */

/* Begin PBXProject section */
		0155E2DA1B29E671007FAB89 /* Project object */ = {
			isa = PBXProject;
			attributes = {
				LastUpgradeCheck = 0630;
				ORGANIZATIONNAME = DevMountain;
				TargetAttributes = {
					0155E2E11B29E671007FAB89 = {
						CreatedOnToolsVersion = 6.3;
					};
					0155E2FA1B29E671007FAB89 = {
						CreatedOnToolsVersion = 6.3;
						TestTargetID = 0155E2E11B29E671007FAB89;
					};
				};
			};
			buildConfigurationList = 0155E2DD1B29E671007FAB89 /* Build configuration list for PBXProject "DemoTableView" */;
			compatibilityVersion = "Xcode 3.2";
			developmentRegion = English;
			hasScannedForEncodings = 0;
			knownRegions = (
				en,
				Base,
			);
			mainGroup = 0155E2D91B29E671007FAB89;
			productRefGroup = 0155E2E31B29E671007FAB89 /* Products */;
			projectDirPath = "";
			projectRoot = "";
			targets = (
				0155E2E11B29E671007FAB89 /* DemoTableView */,
				0155E2FA1B29E671007FAB89 /* DemoTableViewTests */,
			);
		};
/* End PBXProject section */

/* Begin PBXResourcesBuildPhase section */
		0155E2E01B29E671007FAB89 /* Resources */ = {
			isa = PBXResourcesBuildPhase;
			buildActionMask = 2147483647;
			files = (
				0155E2F61B29E671007FAB89 /* LaunchScreen.xib in Resources */,
				0155E2F31B29E671007FAB89 /* Images.xcassets in Resources */,
			);
			runOnlyForDeploymentPostprocessing = 0;
		};
		0155E2F91B29E671007FAB89 /* Resources */ = {
			isa = PBXResourcesBuildPhase;
			buildActionMask = 2147483647;
			files = (
			);
			runOnlyForDeploymentPostprocessing = 0;
		};
/* End PBXResourcesBuildPhase section */

/* Begin PBXSourcesBuildPhase section */
		0155E2DE1B29E671007FAB89 /* Sources */ = {
			isa = PBXSourcesBuildPhase;
			buildActionMask = 2147483647;
			files = (
				0155E2EE1B29E671007FAB89 /* ViewController.m in Sources */,
				0155E3261B29F2C1007FAB89 /* DemographicsTableViewDataSource.m in Sources */,
				0155E3171B29E718007FAB89 /* FLKAutoLayoutPredicateList.m in Sources */,
				0155E3131B29E696007FAB89 /* UIView+FLKAutoLayoutPredicate.m in Sources */,
				0155E2EB1B29E671007FAB89 /* AppDelegate.m in Sources */,
				0155E3231B29F1D4007FAB89 /* MaritalTableViewCell.m in Sources */,
				0155E3201B29EFFF007FAB89 /* GenderTableViewCell.m in Sources */,
				0155E3121B29E696007FAB89 /* UIView+FLKAutoLayout.m in Sources */,
				0155E31A1B29EA32007FAB89 /* Demographics.m in Sources */,
				0155E2E81B29E671007FAB89 /* main.m in Sources */,
				0155E31D1B29EE23007FAB89 /* TextfieldTableViewCell.m in Sources */,
			);
			runOnlyForDeploymentPostprocessing = 0;
		};
		0155E2F71B29E671007FAB89 /* Sources */ = {
			isa = PBXSourcesBuildPhase;
			buildActionMask = 2147483647;
			files = (
				0155E3021B29E671007FAB89 /* DemoTableViewTests.m in Sources */,
			);
			runOnlyForDeploymentPostprocessing = 0;
		};
/* End PBXSourcesBuildPhase section */

/* Begin PBXTargetDependency section */
		0155E2FD1B29E671007FAB89 /* PBXTargetDependency */ = {
			isa = PBXTargetDependency;
			target = 0155E2E11B29E671007FAB89 /* DemoTableView */;
			targetProxy = 0155E2FC1B29E671007FAB89 /* PBXContainerItemProxy */;
		};
/* End PBXTargetDependency section */

/* Begin PBXVariantGroup section */
		0155E2F41B29E671007FAB89 /* LaunchScreen.xib */ = {
			isa = PBXVariantGroup;
			children = (
				0155E2F51B29E671007FAB89 /* Base */,
			);
			name = LaunchScreen.xib;
			sourceTree = "<group>";
		};
/* End PBXVariantGroup section */

/* Begin XCBuildConfiguration section */
		0155E3031B29E671007FAB89 /* Debug */ = {
			isa = XCBuildConfiguration;
			buildSettings = {
				ALWAYS_SEARCH_USER_PATHS = NO;
				CLANG_CXX_LANGUAGE_STANDARD = "gnu++0x";
				CLANG_CXX_LIBRARY = "libc++";
				CLANG_ENABLE_MODULES = YES;
				CLANG_ENABLE_OBJC_ARC = YES;
				CLANG_WARN_BOOL_CONVERSION = YES;
				CLANG_WARN_CONSTANT_CONVERSION = YES;
				CLANG_WARN_DIRECT_OBJC_ISA_USAGE = YES_ERROR;
				CLANG_WARN_EMPTY_BODY = YES;
				CLANG_WARN_ENUM_CONVERSION = YES;
				CLANG_WARN_INT_CONVERSION = YES;
				CLANG_WARN_OBJC_ROOT_CLASS = YES_ERROR;
				CLANG_WARN_UNREACHABLE_CODE = YES;
				CLANG_WARN__DUPLICATE_METHOD_MATCH = YES;
				"CODE_SIGN_IDENTITY[sdk=iphoneos*]" = "iPhone Developer";
				COPY_PHASE_STRIP = NO;
				DEBUG_INFORMATION_FORMAT = "dwarf-with-dsym";
				ENABLE_STRICT_OBJC_MSGSEND = YES;
				GCC_C_LANGUAGE_STANDARD = gnu99;
				GCC_DYNAMIC_NO_PIC = NO;
				GCC_NO_COMMON_BLOCKS = YES;
				GCC_OPTIMIZATION_LEVEL = 0;
				GCC_PREPROCESSOR_DEFINITIONS = (
					"DEBUG=1",
					"$(inherited)",
				);
				GCC_SYMBOLS_PRIVATE_EXTERN = NO;
				GCC_WARN_64_TO_32_BIT_CONVERSION = YES;
				GCC_WARN_ABOUT_RETURN_TYPE = YES_ERROR;
				GCC_WARN_UNDECLARED_SELECTOR = YES;
				GCC_WARN_UNINITIALIZED_AUTOS = YES_AGGRESSIVE;
				GCC_WARN_UNUSED_FUNCTION = YES;
				GCC_WARN_UNUSED_VARIABLE = YES;
				IPHONEOS_DEPLOYMENT_TARGET = 8.3;
				MTL_ENABLE_DEBUG_INFO = YES;
				ONLY_ACTIVE_ARCH = YES;
				SDKROOT = iphoneos;
				TARGETED_DEVICE_FAMILY = "1,2";
			};
			name = Debug;
		};
		0155E3041B29E671007FAB89 /* Release */ = {
			isa = XCBuildConfiguration;
			buildSettings = {
				ALWAYS_SEARCH_USER_PATHS = NO;
				CLANG_CXX_LANGUAGE_STANDARD = "gnu++0x";
				CLANG_CXX_LIBRARY = "libc++";
				CLANG_ENABLE_MODULES = YES;
				CLANG_ENABLE_OBJC_ARC = YES;
				CLANG_WARN_BOOL_CONVERSION = YES;
				CLANG_WARN_CONSTANT_CONVERSION = YES;
				CLANG_WARN_DIRECT_OBJC_ISA_USAGE = YES_ERROR;
				CLANG_WARN_EMPTY_BODY = YES;
				CLANG_WARN_ENUM_CONVERSION = YES;
				CLANG_WARN_INT_CONVERSION = YES;
				CLANG_WARN_OBJC_ROOT_CLASS = YES_ERROR;
				CLANG_WARN_UNREACHABLE_CODE = YES;
				CLANG_WARN__DUPLICATE_METHOD_MATCH = YES;
				"CODE_SIGN_IDENTITY[sdk=iphoneos*]" = "iPhone Developer";
				COPY_PHASE_STRIP = NO;
				DEBUG_INFORMATION_FORMAT = "dwarf-with-dsym";
				ENABLE_NS_ASSERTIONS = NO;
				ENABLE_STRICT_OBJC_MSGSEND = YES;
				GCC_C_LANGUAGE_STANDARD = gnu99;
				GCC_NO_COMMON_BLOCKS = YES;
				GCC_WARN_64_TO_32_BIT_CONVERSION = YES;
				GCC_WARN_ABOUT_RETURN_TYPE = YES_ERROR;
				GCC_WARN_UNDECLARED_SELECTOR = YES;
				GCC_WARN_UNINITIALIZED_AUTOS = YES_AGGRESSIVE;
				GCC_WARN_UNUSED_FUNCTION = YES;
				GCC_WARN_UNUSED_VARIABLE = YES;
				IPHONEOS_DEPLOYMENT_TARGET = 8.3;
				MTL_ENABLE_DEBUG_INFO = NO;
				SDKROOT = iphoneos;
				TARGETED_DEVICE_FAMILY = "1,2";
				VALIDATE_PRODUCT = YES;
			};
			name = Release;
		};
		0155E3061B29E671007FAB89 /* Debug */ = {
			isa = XCBuildConfiguration;
			buildSettings = {
				ASSETCATALOG_COMPILER_APPICON_NAME = AppIcon;
				INFOPLIST_FILE = DemoTableView/Info.plist;
				LD_RUNPATH_SEARCH_PATHS = "$(inherited) @executable_path/Frameworks";
				PRODUCT_NAME = "$(TARGET_NAME)";
			};
			name = Debug;
		};
		0155E3071B29E671007FAB89 /* Release */ = {
			isa = XCBuildConfiguration;
			buildSettings = {
				ASSETCATALOG_COMPILER_APPICON_NAME = AppIcon;
				INFOPLIST_FILE = DemoTableView/Info.plist;
				LD_RUNPATH_SEARCH_PATHS = "$(inherited) @executable_path/Frameworks";
				PRODUCT_NAME = "$(TARGET_NAME)";
			};
			name = Release;
		};
		0155E3091B29E671007FAB89 /* Debug */ = {
			isa = XCBuildConfiguration;
			buildSettings = {
				BUNDLE_LOADER = "$(TEST_HOST)";
				FRAMEWORK_SEARCH_PATHS = (
					"$(SDKROOT)/Developer/Library/Frameworks",
					"$(inherited)",
				);
				GCC_PREPROCESSOR_DEFINITIONS = (
					"DEBUG=1",
					"$(inherited)",
				);
				INFOPLIST_FILE = DemoTableViewTests/Info.plist;
				LD_RUNPATH_SEARCH_PATHS = "$(inherited) @executable_path/Frameworks @loader_path/Frameworks";
				PRODUCT_NAME = "$(TARGET_NAME)";
				TEST_HOST = "$(BUILT_PRODUCTS_DIR)/DemoTableView.app/DemoTableView";
			};
			name = Debug;
		};
		0155E30A1B29E671007FAB89 /* Release */ = {
			isa = XCBuildConfiguration;
			buildSettings = {
				BUNDLE_LOADER = "$(TEST_HOST)";
				FRAMEWORK_SEARCH_PATHS = (
					"$(SDKROOT)/Developer/Library/Frameworks",
					"$(inherited)",
				);
				INFOPLIST_FILE = DemoTableViewTests/Info.plist;
				LD_RUNPATH_SEARCH_PATHS = "$(inherited) @executable_path/Frameworks @loader_path/Frameworks";
				PRODUCT_NAME = "$(TARGET_NAME)";
				TEST_HOST = "$(BUILT_PRODUCTS_DIR)/DemoTableView.app/DemoTableView";
			};
			name = Release;
		};
/* End XCBuildConfiguration section */

/* Begin XCConfigurationList section */
		0155E2DD1B29E671007FAB89 /* Build configuration list for PBXProject "DemoTableView" */ = {
			isa = XCConfigurationList;
			buildConfigurations = (
				0155E3031B29E671007FAB89 /* Debug */,
				0155E3041B29E671007FAB89 /* Release */,
			);
			defaultConfigurationIsVisible = 0;
			defaultConfigurationName = Release;
		};
		0155E3051B29E671007FAB89 /* Build configuration list for PBXNativeTarget "DemoTableView" */ = {
			isa = XCConfigurationList;
			buildConfigurations = (
				0155E3061B29E671007FAB89 /* Debug */,
				0155E3071B29E671007FAB89 /* Release */,
			);
			defaultConfigurationIsVisible = 0;
		};
		0155E3081B29E671007FAB89 /* Build configuration list for PBXNativeTarget "DemoTableViewTests" */ = {
			isa = XCConfigurationList;
			buildConfigurations = (
				0155E3091B29E671007FAB89 /* Debug */,
				0155E30A1B29E671007FAB89 /* Release */,
			);
			defaultConfigurationIsVisible = 0;
		};
/* End XCConfigurationList section */
	};
	rootObject = 0155E2DA1B29E671007FAB89 /* Project object */;
}
